
Microsoft Visual Studio Solution File, Format Version 12.00
# Visual Studio 15
VisualStudioVersion = 15.0.27130.2024
MinimumVisualStudioVersion = 10.0.40219.1
Project("{FAE04EC0-301F-11D3-BF4B-00C04F79EFBC}") = "BitScrambler", "BitScrambler\BitScrambler.csproj", "{3DBE3EE1-5095-476A-924D-B74D4C8461FC}"
EndProject
Global
	GlobalSection(SolutionConfigurationPlatforms) = preSolution
		Debug|Any CPU = Debug|Any CPU
		Release|Any CPU = Release|Any CPU
	EndGlobalSection
	GlobalSection(ProjectConfigurationPlatforms) = postSolution
		{3DBE3EE1-5095-476A-924D-B74D4C8461FC}.Debug|Any CPU.ActiveCfg = Debug|Any CPU
		{3DBE3EE1-5095-476A-924D-B74D4C8461FC}.Debug|Any CPU.Build.0 = Debug|Any CPU
		{3DBE3EE1-5095-476A-924D-B74D4C8461FC}.Release|Any CPU.ActiveCfg = Release|Any CPU
		{3DBE3EE1-5095-476A-924D-B74D4C8461FC}.Release|Any CPU.Build.0 = Release|Any CPU
	EndGlobalSection
	GlobalSection(SolutionProperties) = preSolution
		HideSolutionNode = FALSE
	EndGlobalSection
	GlobalSection(ExtensibilityGlobals) = postSolution
		SolutionGuid = {26BDAAA2-65CE-4B65-9D27-C351A4F10F71}
	EndGlobalSection
EndGlobal
